{
  "name": "database",
  "version": "1.0.0",
  "lockfileVersion": 1,
  "requires": true,
  "dependencies": {
    "postgres": {
      "version": "3.2.4",
      "resolved": "https://registry.npmjs.org/postgres/-/postgres-3.2.4.tgz",
      "integrity": "sha512-iscysD+ZlM4A9zj0RS2zo3f4Us4yuov94Yx+p3dE1rEARaBHC8R3/gRq40KEnWp1lxjuFq9EjuAenIUsPaTaDA=="
    }
  }
}
